# This file is automatically @generated by Poetry 2.1.3 and should not be changed by hand.

[[package]]
name = "pykka"
version = "4.2.0"
description = "Pykka is a Python implementation of the actor model"
optional = false
python-versions = ">=3.9"
groups = ["main"]
files = [
    {file = "pykka-4.2.0-py3-none-any.whl", hash = "sha256:77f6061fb6fc3094b78648951c6742dacb9e8c1b952259921b10e56004ffbd6b"},
    {file = "pykka-4.2.0.tar.gz", hash = "sha256:68d7b923def1b6464bbc214aa56453f00bab31c66b459803ece0c49ee43f22eb"},
]

[metadata]
lock-version = "2.1"
python-versions = ">=3.10"
content-hash = "1189036b272b8553139814da9dcbf1acd46a41333e628f43466a330271b03f6e"
